
Microsoft Visual Studio Solution File, Format Version 12.00
# Visual Studio Version 17
VisualStudioVersion = 17.0.31903.59
MinimumVisualStudioVersion = 10.0.40219.1
Project("{2150E333-8FDC-42A3-9474-1A3956D46DE8}") = "Syntax", "Syntax", "{CBFD46D8-4448-4CD6-B9EF-D9D7D6AD507E}"
EndProject
Project("{2150E333-8FDC-42A3-9474-1A3956D46DE8}") = "Converter", "Converter", "{A9210F5A-9E37-4F93-B89D-DA347AE98029}"
EndProject
Project("{2150E333-8FDC-42A3-9474-1A3956D46DE8}") = "CSharp", "CSharp", "{FA2C645A-8035-4B1A-B95A-1B01F06E90CC}"
EndProject
Project("{9A19103F-16F7-4668-BE54-9A1E7A4F7556}") = "TypeScript.Converter.CSharp", "src\Converter\CSharp\TypeScript.Converter.CSharp.csproj", "{F2537EF3-0813-4F92-9C08-ECB7EA1B2E93}"
EndProject
Project("{2150E333-8FDC-42A3-9474-1A3956D46DE8}") = "Startup", "Startup", "{C1BF44FB-F123-4459-9EFA-A0ABAE70D4C0}"
EndProject
Project("{9A19103F-16F7-4668-BE54-9A1E7A4F7556}") = "TypeScriptConverter", "src\Startup\TypeScriptConverter.csproj", "{F66EA55D-C726-4649-9BA2-934F739411B1}"
EndProject
Project("{2150E333-8FDC-42A3-9474-1A3956D46DE8}") = "TypeScript", "TypeScript", "{9736E5CC-44BF-4DEA-A513-B8CF7FFAEFF9}"
EndProject
Project("{9A19103F-16F7-4668-BE54-9A1E7A4F7556}") = "TypeScript.Syntax", "src\Syntax\TypeScript\TypeScript.Syntax.csproj", "{339A7B03-9B3A-4E80-9686-2E161A1988FA}"
EndProject
Project("{2150E333-8FDC-42A3-9474-1A3956D46DE8}") = "Java", "Java", "{867C22C5-A6B6-4919-9F2C-73354D97AC04}"
EndProject
Project("{9A19103F-16F7-4668-BE54-9A1E7A4F7556}") = "Java.Syntax", "src\Syntax\Java\Java.Syntax.csproj", "{DF902268-D152-42ED-98D0-803CFB90E459}"
EndProject
Global
	GlobalSection(SolutionConfigurationPlatforms) = preSolution
		Debug|Any CPU = Debug|Any CPU
		Release|Any CPU = Release|Any CPU
	EndGlobalSection
	GlobalSection(ProjectConfigurationPlatforms) = postSolution
		{F2537EF3-0813-4F92-9C08-ECB7EA1B2E93}.Debug|Any CPU.ActiveCfg = Debug|Any CPU
		{F2537EF3-0813-4F92-9C08-ECB7EA1B2E93}.Debug|Any CPU.Build.0 = Debug|Any CPU
		{F2537EF3-0813-4F92-9C08-ECB7EA1B2E93}.Release|Any CPU.ActiveCfg = Release|Any CPU
		{F2537EF3-0813-4F92-9C08-ECB7EA1B2E93}.Release|Any CPU.Build.0 = Release|Any CPU
		{F66EA55D-C726-4649-9BA2-934F739411B1}.Debug|Any CPU.ActiveCfg = Debug|Any CPU
		{F66EA55D-C726-4649-9BA2-934F739411B1}.Debug|Any CPU.Build.0 = Debug|Any CPU
		{F66EA55D-C726-4649-9BA2-934F739411B1}.Release|Any CPU.ActiveCfg = Release|Any CPU
		{F66EA55D-C726-4649-9BA2-934F739411B1}.Release|Any CPU.Build.0 = Release|Any CPU
		{339A7B03-9B3A-4E80-9686-2E161A1988FA}.Debug|Any CPU.ActiveCfg = Debug|Any CPU
		{339A7B03-9B3A-4E80-9686-2E161A1988FA}.Debug|Any CPU.Build.0 = Debug|Any CPU
		{339A7B03-9B3A-4E80-9686-2E161A1988FA}.Release|Any CPU.ActiveCfg = Release|Any CPU
		{339A7B03-9B3A-4E80-9686-2E161A1988FA}.Release|Any CPU.Build.0 = Release|Any CPU
		{DF902268-D152-42ED-98D0-803CFB90E459}.Debug|Any CPU.ActiveCfg = Debug|Any CPU
		{DF902268-D152-42ED-98D0-803CFB90E459}.Debug|Any CPU.Build.0 = Debug|Any CPU
		{DF902268-D152-42ED-98D0-803CFB90E459}.Release|Any CPU.ActiveCfg = Release|Any CPU
		{DF902268-D152-42ED-98D0-803CFB90E459}.Release|Any CPU.Build.0 = Release|Any CPU
	EndGlobalSection
	GlobalSection(SolutionProperties) = preSolution
		HideSolutionNode = FALSE
	EndGlobalSection
	GlobalSection(NestedProjects) = preSolution
		{FA2C645A-8035-4B1A-B95A-1B01F06E90CC} = {A9210F5A-9E37-4F93-B89D-DA347AE98029}
		{F2537EF3-0813-4F92-9C08-ECB7EA1B2E93} = {FA2C645A-8035-4B1A-B95A-1B01F06E90CC}
		{F66EA55D-C726-4649-9BA2-934F739411B1} = {C1BF44FB-F123-4459-9EFA-A0ABAE70D4C0}
		{9736E5CC-44BF-4DEA-A513-B8CF7FFAEFF9} = {CBFD46D8-4448-4CD6-B9EF-D9D7D6AD507E}
		{339A7B03-9B3A-4E80-9686-2E161A1988FA} = {9736E5CC-44BF-4DEA-A513-B8CF7FFAEFF9}
		{867C22C5-A6B6-4919-9F2C-73354D97AC04} = {CBFD46D8-4448-4CD6-B9EF-D9D7D6AD507E}
		{DF902268-D152-42ED-98D0-803CFB90E459} = {867C22C5-A6B6-4919-9F2C-73354D97AC04}
	EndGlobalSection
	GlobalSection(ExtensibilityGlobals) = postSolution
		SolutionGuid = {35DD1E7B-8F32-42A4-A4FB-B5730DF57701}
	EndGlobalSection
EndGlobal
