
Microsoft Visual Studio Solution File, Format Version 12.00
# Visual Studio 15
VisualStudioVersion = 15.0.26124.0
MinimumVisualStudioVersion = 15.0.26124.0
Project("{9A19103F-16F7-4668-BE54-9A1E7A4F7556}") = "TypeScriptObject", "src\TypeScriptObject\Source\TypeScriptObject.csproj", "{509B5E48-150D-4072-A711-7F8727D4CF13}"
EndProject
Project("{9A19103F-16F7-4668-BE54-9A1E7A4F7556}") = "TypeScriptObject.Tests", "src\TypeScriptObject\Test\TypeScriptObject.Tests.csproj", "{DF3C0C83-7731-4BDD-93DA-6810A2A65BEA}"
EndProject
Global
	GlobalSection(SolutionConfigurationPlatforms) = preSolution
		Debug|Any CPU = Debug|Any CPU
		Release|Any CPU = Release|Any CPU
	EndGlobalSection
	GlobalSection(ProjectConfigurationPlatforms) = postSolution
		{509B5E48-150D-4072-A711-7F8727D4CF13}.Debug|Any CPU.ActiveCfg = Debug|Any CPU
		{509B5E48-150D-4072-A711-7F8727D4CF13}.Debug|Any CPU.Build.0 = Debug|Any CPU
		{509B5E48-150D-4072-A711-7F8727D4CF13}.Release|Any CPU.ActiveCfg = Release|Any CPU
		{509B5E48-150D-4072-A711-7F8727D4CF13}.Release|Any CPU.Build.0 = Release|Any CPU
		{DF3C0C83-7731-4BDD-93DA-6810A2A65BEA}.Debug|Any CPU.ActiveCfg = Debug|Any CPU
		{DF3C0C83-7731-4BDD-93DA-6810A2A65BEA}.Debug|Any CPU.Build.0 = Debug|Any CPU
		{DF3C0C83-7731-4BDD-93DA-6810A2A65BEA}.Release|Any CPU.ActiveCfg = Release|Any CPU
		{DF3C0C83-7731-4BDD-93DA-6810A2A65BEA}.Release|Any CPU.Build.0 = Release|Any CPU
	EndGlobalSection
	GlobalSection(SolutionProperties) = preSolution
		HideSolutionNode = FALSE
	EndGlobalSection
	GlobalSection(ExtensibilityGlobals) = postSolution
		SolutionGuid = {385FAE46-E138-4397-A4F4-BC3EF771A322}
	EndGlobalSection
EndGlobal
