{
  "name": "ts2ast",
  "version": "0.1.0",
  "lockfileVersion": 3,
  "requires": true,
  "packages": {
    "": {
      "name": "ts2ast",
      "version": "0.1.0",
      "license": "ISC",
      "dependencies": {
        "typescript": "~3.8.3"
      },
      "devDependencies": {
        "@types/node": "~12.12.6"
      }
    },
    "node_modules/@types/node": {
      "version": "12.12.70",
      "resolved": "https://registry.npmjs.org/@types/node/-/node-12.12.70.tgz",
      "integrity": "sha512-i5y7HTbvhonZQE+GnUM2rz1Bi8QkzxdQmEv1LKOv4nWyaQk/gdeiTApuQR3PDJHX7WomAbpx2wlWSEpxXGZ/UQ==",
      "dev": true
    },
    "node_modules/typescript": {
      "version": "3.8.3",
      "resolved": "https://registry.npmjs.org/typescript/-/typescript-3.8.3.tgz",
      "integrity": "sha512-MYlEfn5VrLNsgudQTVJeNaQFUAI7DkhnOjdpAp4T+ku1TfQClewlbSuTVHiA+8skNBgaf02TL/kLOvig4y3G8w==",
      "bin": {
        "tsc": "bin/tsc",
        "tsserver": "bin/tsserver"
      },
      "engines": {
        "node": ">=4.2.0"
      }
    }
  }
}
