{
  "name": "ts2ast",
  "version": "0.1.0",
  "lockfileVersion": 1,
  "requires": true,
  "dependencies": {
    "@types/node": {
      "version": "10.12.3",
      "resolved": "http://registry.npm.taobao.org/@types/node/download/@types/node-10.12.3.tgz",
      "integrity": "sha1-ORi3PO7UhOWDZ75ay3nRd1I545M=",
      "dev": true
    },
    "typescript": {
      "version": "3.1.6",
      "resolved": "http://registry.npm.taobao.org/typescript/download/typescript-3.1.6.tgz",
      "integrity": "sha1-tlQ6g8/Iwr77P0yPumiW9bDJvmg="
    }
  }
}
