
Microsoft Visual Studio Solution File, Format Version 12.00
# Visual Studio 15
VisualStudioVersion = 15.0.26124.0
MinimumVisualStudioVersion = 15.0.26124.0
Project("{2150E333-8FDC-42A3-9474-1A3956D46DE8}") = "Solution Items", "Solution Items", "{8AB39A95-5063-4E90-9294-52AC4113580F}"
	ProjectSection(SolutionItems) = preProject
		.gitignore = .gitignore
	EndProjectSection
EndProject
Project("{9A19103F-16F7-4668-BE54-9A1E7A4F7556}") = "TypeScriptObject", "Source\TypeScriptObject.csproj", "{FD8DA722-7978-4B6A-A9A0-77A9C884733A}"
EndProject
Project("{9A19103F-16F7-4668-BE54-9A1E7A4F7556}") = "TypeScriptObject.Tests", "Test\TypeScriptObject.Tests.csproj", "{759FF86A-C4CA-432C-BE04-A0C249CAA97E}"
EndProject
Global
	GlobalSection(SolutionConfigurationPlatforms) = preSolution
		Debug|Any CPU = Debug|Any CPU
		Release|Any CPU = Release|Any CPU
	EndGlobalSection
	GlobalSection(ProjectConfigurationPlatforms) = postSolution
		{FD8DA722-7978-4B6A-A9A0-77A9C884733A}.Debug|Any CPU.ActiveCfg = Debug|Any CPU
		{FD8DA722-7978-4B6A-A9A0-77A9C884733A}.Debug|Any CPU.Build.0 = Debug|Any CPU
		{FD8DA722-7978-4B6A-A9A0-77A9C884733A}.Release|Any CPU.ActiveCfg = Release|Any CPU
		{FD8DA722-7978-4B6A-A9A0-77A9C884733A}.Release|Any CPU.Build.0 = Release|Any CPU
		{759FF86A-C4CA-432C-BE04-A0C249CAA97E}.Debug|Any CPU.ActiveCfg = Debug|Any CPU
		{759FF86A-C4CA-432C-BE04-A0C249CAA97E}.Debug|Any CPU.Build.0 = Debug|Any CPU
		{759FF86A-C4CA-432C-BE04-A0C249CAA97E}.Release|Any CPU.ActiveCfg = Release|Any CPU
		{759FF86A-C4CA-432C-BE04-A0C249CAA97E}.Release|Any CPU.Build.0 = Release|Any CPU
	EndGlobalSection
	GlobalSection(SolutionProperties) = preSolution
		HideSolutionNode = FALSE
	EndGlobalSection
	GlobalSection(ExtensibilityGlobals) = postSolution
		SolutionGuid = {385FAE46-E138-4397-A4F4-BC3EF771A322}
	EndGlobalSection
EndGlobal
